
Microsoft Visual Studio Solution File, Format Version 12.00
# Visual Studio Version 16
VisualStudioVersion = 16.0.29215.179
MinimumVisualStudioVersion = 10.0.40219.1
Project("{2150E333-8FDC-42A3-9474-1A3956D46DE8}") = "Microservices", "Microservices", "{9AD711A6-0C8B-4A69-B503-B9D66D30F7CF}"
EndProject
Project("{2150E333-8FDC-42A3-9474-1A3956D46DE8}") = "Domain", "Domain", "{FCE61B88-B4AF-48D1-BBDB-786DF54A8DBA}"
EndProject
Project("{2150E333-8FDC-42A3-9474-1A3956D46DE8}") = "Infra.bus", "Infra.bus", "{2C9C4877-610C-4030-8BA1-72E93761C9CD}"
EndProject
Project("{2150E333-8FDC-42A3-9474-1A3956D46DE8}") = "Infra.IoC", "Infra.IoC", "{1161D63F-645F-4ABF-BCC1-C1BC67917EEF}"
EndProject
Project("{2150E333-8FDC-42A3-9474-1A3956D46DE8}") = "Presentation", "Presentation", "{722D1A89-1D99-41EA-AA41-389E416223E8}"
EndProject
Project("{FAE04EC0-301F-11D3-BF4B-00C04F79EFBC}") = "MicroRabbit.Domain.Core", "MicroRabbit.Domain.Core\MicroRabbit.Domain.Core.csproj", "{F58CD3B3-B8B3-430A-AD5A-003577CB8CD7}"
EndProject
Project("{FAE04EC0-301F-11D3-BF4B-00C04F79EFBC}") = "MicroRabbit.Infra.Bus", "MicroRabbit.Infra.Bus\MicroRabbit.Infra.Bus.csproj", "{4E692E76-C76D-40F3-B159-85A91D22BB6B}"
EndProject
Project("{FAE04EC0-301F-11D3-BF4B-00C04F79EFBC}") = "MicroRabbit.Infra.IoC", "MicroRabbit.Infra.IoC\MicroRabbit.Infra.IoC.csproj", "{2AD6F569-2E4F-4BB0-83E9-D49627992C2A}"
EndProject
Project("{2150E333-8FDC-42A3-9474-1A3956D46DE8}") = "Banking", "Banking", "{11F9A9F1-DD80-4A10-8E64-1AA1BE487FAA}"
EndProject
Project("{2150E333-8FDC-42A3-9474-1A3956D46DE8}") = "Api", "Api", "{ABFEFE5D-AE2F-4507-8E8F-04F590E74E04}"
EndProject
Project("{2150E333-8FDC-42A3-9474-1A3956D46DE8}") = "Domain", "Domain", "{487C2352-E081-4374-B3A4-183321755FF6}"
EndProject
Project("{2150E333-8FDC-42A3-9474-1A3956D46DE8}") = "Application", "Application", "{E591985F-1912-4231-AC09-39DAA67D0DFF}"
EndProject
Project("{2150E333-8FDC-42A3-9474-1A3956D46DE8}") = "Data", "Data", "{D9C9C9EF-6980-446A-ABE4-6B3286526213}"
EndProject
Project("{FAE04EC0-301F-11D3-BF4B-00C04F79EFBC}") = "MicroRabbit.Banking.Api", "MicroRabbit.Banking.Api\MicroRabbit.Banking.Api.csproj", "{28487140-C98C-4CE9-A0DE-6039200EB3C8}"
EndProject
Project("{FAE04EC0-301F-11D3-BF4B-00C04F79EFBC}") = "MicroRabbit.Banking.Application", "MicroRabbit.Banking.Application\MicroRabbit.Banking.Application.csproj", "{1362518E-3B9F-49B8-90FF-36D3772D4A08}"
EndProject
Project("{FAE04EC0-301F-11D3-BF4B-00C04F79EFBC}") = "MicroRabbit.Banking.Data", "MicroRabbit.Banking.Data\MicroRabbit.Banking.Data.csproj", "{E7199EE6-DA3E-43EF-B0B9-C9ACBC001534}"
EndProject
Project("{FAE04EC0-301F-11D3-BF4B-00C04F79EFBC}") = "MicroRabbit.Banking.Domain", "MicroRabbit.Banking.Domain\MicroRabbit.Banking.Domain.csproj", "{1860DE26-0E5A-47F9-B0B4-146CFAA8ADC0}"
EndProject
Global
	GlobalSection(SolutionConfigurationPlatforms) = preSolution
		Debug|Any CPU = Debug|Any CPU
		Release|Any CPU = Release|Any CPU
	EndGlobalSection
	GlobalSection(ProjectConfigurationPlatforms) = postSolution
		{F58CD3B3-B8B3-430A-AD5A-003577CB8CD7}.Debug|Any CPU.ActiveCfg = Debug|Any CPU
		{F58CD3B3-B8B3-430A-AD5A-003577CB8CD7}.Debug|Any CPU.Build.0 = Debug|Any CPU
		{F58CD3B3-B8B3-430A-AD5A-003577CB8CD7}.Release|Any CPU.ActiveCfg = Release|Any CPU
		{F58CD3B3-B8B3-430A-AD5A-003577CB8CD7}.Release|Any CPU.Build.0 = Release|Any CPU
		{4E692E76-C76D-40F3-B159-85A91D22BB6B}.Debug|Any CPU.ActiveCfg = Debug|Any CPU
		{4E692E76-C76D-40F3-B159-85A91D22BB6B}.Debug|Any CPU.Build.0 = Debug|Any CPU
		{4E692E76-C76D-40F3-B159-85A91D22BB6B}.Release|Any CPU.ActiveCfg = Release|Any CPU
		{4E692E76-C76D-40F3-B159-85A91D22BB6B}.Release|Any CPU.Build.0 = Release|Any CPU
		{2AD6F569-2E4F-4BB0-83E9-D49627992C2A}.Debug|Any CPU.ActiveCfg = Debug|Any CPU
		{2AD6F569-2E4F-4BB0-83E9-D49627992C2A}.Debug|Any CPU.Build.0 = Debug|Any CPU
		{2AD6F569-2E4F-4BB0-83E9-D49627992C2A}.Release|Any CPU.ActiveCfg = Release|Any CPU
		{2AD6F569-2E4F-4BB0-83E9-D49627992C2A}.Release|Any CPU.Build.0 = Release|Any CPU
		{28487140-C98C-4CE9-A0DE-6039200EB3C8}.Debug|Any CPU.ActiveCfg = Debug|Any CPU
		{28487140-C98C-4CE9-A0DE-6039200EB3C8}.Debug|Any CPU.Build.0 = Debug|Any CPU
		{28487140-C98C-4CE9-A0DE-6039200EB3C8}.Release|Any CPU.ActiveCfg = Release|Any CPU
		{28487140-C98C-4CE9-A0DE-6039200EB3C8}.Release|Any CPU.Build.0 = Release|Any CPU
		{1362518E-3B9F-49B8-90FF-36D3772D4A08}.Debug|Any CPU.ActiveCfg = Debug|Any CPU
		{1362518E-3B9F-49B8-90FF-36D3772D4A08}.Debug|Any CPU.Build.0 = Debug|Any CPU
		{1362518E-3B9F-49B8-90FF-36D3772D4A08}.Release|Any CPU.ActiveCfg = Release|Any CPU
		{1362518E-3B9F-49B8-90FF-36D3772D4A08}.Release|Any CPU.Build.0 = Release|Any CPU
		{E7199EE6-DA3E-43EF-B0B9-C9ACBC001534}.Debug|Any CPU.ActiveCfg = Debug|Any CPU
		{E7199EE6-DA3E-43EF-B0B9-C9ACBC001534}.Debug|Any CPU.Build.0 = Debug|Any CPU
		{E7199EE6-DA3E-43EF-B0B9-C9ACBC001534}.Release|Any CPU.ActiveCfg = Release|Any CPU
		{E7199EE6-DA3E-43EF-B0B9-C9ACBC001534}.Release|Any CPU.Build.0 = Release|Any CPU
		{1860DE26-0E5A-47F9-B0B4-146CFAA8ADC0}.Debug|Any CPU.ActiveCfg = Debug|Any CPU
		{1860DE26-0E5A-47F9-B0B4-146CFAA8ADC0}.Debug|Any CPU.Build.0 = Debug|Any CPU
		{1860DE26-0E5A-47F9-B0B4-146CFAA8ADC0}.Release|Any CPU.ActiveCfg = Release|Any CPU
		{1860DE26-0E5A-47F9-B0B4-146CFAA8ADC0}.Release|Any CPU.Build.0 = Release|Any CPU
	EndGlobalSection
	GlobalSection(SolutionProperties) = preSolution
		HideSolutionNode = FALSE
	EndGlobalSection
	GlobalSection(NestedProjects) = preSolution
		{F58CD3B3-B8B3-430A-AD5A-003577CB8CD7} = {FCE61B88-B4AF-48D1-BBDB-786DF54A8DBA}
		{4E692E76-C76D-40F3-B159-85A91D22BB6B} = {2C9C4877-610C-4030-8BA1-72E93761C9CD}
		{2AD6F569-2E4F-4BB0-83E9-D49627992C2A} = {1161D63F-645F-4ABF-BCC1-C1BC67917EEF}
		{11F9A9F1-DD80-4A10-8E64-1AA1BE487FAA} = {9AD711A6-0C8B-4A69-B503-B9D66D30F7CF}
		{ABFEFE5D-AE2F-4507-8E8F-04F590E74E04} = {11F9A9F1-DD80-4A10-8E64-1AA1BE487FAA}
		{487C2352-E081-4374-B3A4-183321755FF6} = {11F9A9F1-DD80-4A10-8E64-1AA1BE487FAA}
		{E591985F-1912-4231-AC09-39DAA67D0DFF} = {11F9A9F1-DD80-4A10-8E64-1AA1BE487FAA}
		{D9C9C9EF-6980-446A-ABE4-6B3286526213} = {11F9A9F1-DD80-4A10-8E64-1AA1BE487FAA}
		{28487140-C98C-4CE9-A0DE-6039200EB3C8} = {ABFEFE5D-AE2F-4507-8E8F-04F590E74E04}
		{1362518E-3B9F-49B8-90FF-36D3772D4A08} = {E591985F-1912-4231-AC09-39DAA67D0DFF}
		{E7199EE6-DA3E-43EF-B0B9-C9ACBC001534} = {D9C9C9EF-6980-446A-ABE4-6B3286526213}
		{1860DE26-0E5A-47F9-B0B4-146CFAA8ADC0} = {487C2352-E081-4374-B3A4-183321755FF6}
	EndGlobalSection
	GlobalSection(ExtensibilityGlobals) = postSolution
		SolutionGuid = {4025A90F-7D44-4C86-9947-3168A953FA75}
	EndGlobalSection
EndGlobal
